
Microsoft Visual Studio Solution File, Format Version 12.00
# Visual Studio 2013
VisualStudioVersion = 12.0.31101.0
MinimumVisualStudioVersion = 10.0.40219.1
Project("{FAE04EC0-301F-11D3-BF4B-00C04F79EFBC}") = "MemoryMappedFiles", "MemoryMappedFiles\MemoryMappedFiles.csproj", "{088F2A2E-F842-4D8B-B783-C44C94E6B5CB}"
EndProject
Global
	GlobalSection(SolutionConfigurationPlatforms) = preSolution
		Debug|Any CPU = Debug|Any CPU
		Release|Any CPU = Release|Any CPU
	EndGlobalSection
	GlobalSection(ProjectConfigurationPlatforms) = postSolution
		{088F2A2E-F842-4D8B-B783-C44C94E6B5CB}.Debug|Any CPU.ActiveCfg = Debug|Any CPU
		{088F2A2E-F842-4D8B-B783-C44C94E6B5CB}.Debug|Any CPU.Build.0 = Debug|Any CPU
		{088F2A2E-F842-4D8B-B783-C44C94E6B5CB}.Release|Any CPU.ActiveCfg = Release|Any CPU
		{088F2A2E-F842-4D8B-B783-C44C94E6B5CB}.Release|Any CPU.Build.0 = Release|Any CPU
	EndGlobalSection
	GlobalSection(SolutionProperties) = preSolution
		HideSolutionNode = FALSE
	EndGlobalSection
EndGlobal
